{
    "_meta": {
        "hash": {
            "sha256": "a652c13e0ae15f02aedbf62dd5a3ab8cdb234a8d168354403375d98167fcd216"
        },
        "host-environment-markers": {
            "implementation_name": "cpython",
            "implementation_version": "3.6.4",
            "os_name": "posix",
            "platform_machine": "x86_64",
            "platform_python_implementation": "CPython",
            "platform_release": "17.4.0",
            "platform_system": "Darwin",
            "platform_version": "Darwin Kernel Version 17.4.0: Sun Dec 17 09:19:54 PST 2017; root:xnu-4570.41.2~1/RELEASE_X86_64",
            "python_full_version": "3.6.4",
            "python_version": "3.6",
            "sys_platform": "darwin"
        },
        "pipfile-spec": 6,
        "requires": {},
        "sources": [
            {
                "name": "pypi",
                "url": "https://pypi.python.org/simple",
                "verify_ssl": true
            }
        ]
    },
    "default": {
        "arrow": {
            "hashes": [
                "sha256:a558d3b7b6ce7ffc74206a86c147052de23d3d4ef0e17c210dd478c53575c4cd"
            ],
            "version": "==0.12.1"
        },
        "babel": {
            "hashes": [
                "sha256:ad209a68d7162c4cff4b29cdebe3dec4cef75492df501b0049a9433c96ce6f80",
                "sha256:8ce4cb6fdd4393edd323227cba3a077bceb2a6ce5201c902c65e730046f41f14"
            ],
            "version": "==2.5.3"
        },
        "boto3": {
            "hashes": [
                "sha256:49bda3ac6e69c2d0a34c37fc4ec47efd73e5f5cf86e34524b1918857aa74d797",
                "sha256:5430b5cd532fe56ccc9eaf1ed433ac74805811b931ae1e44eb896af98a1297f0"
            ],
            "version": "==1.5.22"
        },
        "botocore": {
            "hashes": [
                "sha256:a91430f0bfbf7c13edc474c3f0d46449108aaebcd6d8e82a5bf9aebe17b42258",
                "sha256:b2c9e0fd6d14910f759a33c19f8315dddedbb3c5569472b7be7ceed4f001a675"
            ],
            "version": "==1.8.36"
        },
        "certifi": {
            "hashes": [
                "sha256:14131608ad2fd56836d33a71ee60fa1c82bc9d2c8d98b7bdbc631fe1b3cd1296",
                "sha256:edbc3f203427eef571f79a7692bb160a2b0f7ccaa31953e99bd17e307cf63f7d"
            ],
            "version": "==2018.1.18"
        },
        "chameleon": {
            "hashes": [
                "sha256:ed2146fde4649f05c9def48de5d9e30d495e0dd7ac41448d14baf69b9cbe60dc"
            ],
            "version": "==3.2"
        },
        "chardet": {
            "hashes": [
                "sha256:fc323ffcaeaed0e0a02bf4d117757b98aed530d9ed4531e3e15460124c106691",
                "sha256:84ab92ed1c4d4f16916e05906b6b75a6c0fb5db821cc65e70cbd64a3e2a5eaae"
            ],
            "version": "==3.0.4"
        },
        "docutils": {
            "hashes": [
                "sha256:7a4bd47eaf6596e1295ecb11361139febe29b084a87bf005bf899f9a42edc3c6",
                "sha256:02aec4bd92ab067f6ff27a38a38a41173bf01bed8f89157768c1573f53e474a6",
                "sha256:51e64ef2ebfb29cae1faa133b3710143496eca21c530f3f71424d77687764274"
            ],
            "version": "==0.14"
        },
        "hupper": {
            "hashes": [
                "sha256:e0dbe89b637b59d82687ba7f74690a0fa37d0f5ca4963cbb9069834ab08272fe",
                "sha256:afb9584fc387c962824627bb243d7d92c276df608a771b17c8b727a7de34920a"
            ],
            "version": "==1.0"
        },
        "idna": {
            "hashes": [
                "sha256:8c7309c718f94b3a625cb648ace320157ad16ff131ae0af362c9f21b80ef6ec4",
                "sha256:2c6a5de3089009e3da7c5dde64a141dbc8551d5b7f6cf4ed7c2568d0cc520a8f"
            ],
            "version": "==2.6"
        },
        "ipy": {
            "hashes": [
                "sha256:61da5a532b159b387176f6eabf11946e7458b6df8fb8b91ff1d345ca7a6edab8"
            ],
            "version": "==0.83"
        },
        "jmespath": {
            "hashes": [
                "sha256:f11b4461f425740a1d908e9a3f7365c3d2e569f6ca68a2ff8bc5bcd9676edd63",
                "sha256:6a81d4c9aa62caf061cb517b4d9ad1dd300374cd4706997aff9cd6aedd61fc64"
            ],
            "version": "==0.9.3"
        },
        "mako": {
            "hashes": [
                "sha256:4e02fde57bd4abb5ec400181e4c314f56ac3e49ba4fb8b0d50bba18cb27d25ae"
            ],
            "version": "==1.0.7"
        },
        "markupsafe": {
            "hashes": [
                "sha256:a6be69091dac236ea9c6bc7d012beab42010fa914c459791d627dad4910eb665"
            ],
            "version": "==1.0"
        },
        "paste": {
            "hashes": [
                "sha256:9d17d06cd95d700acb7be449a02c13db28449de2adaf0f45339f4a310601f096",
                "sha256:fc0de2f2fb1f50f2b2b986993e57a840f98ffba03e3e5260a37382c326be6a31",
                "sha256:2346a347824c32641bf020c17967b49ae74d3310ec1bc9b958d4b84e2d985218"
            ],
            "version": "==2.0.3"
        },
        "pastedeploy": {
            "hashes": [
                "sha256:39973e73f391335fac8bc8a8a95f7d34a9f42e2775600ce2dc518d93b37ef943",
                "sha256:d5858f89a255e6294e63ed46b73613c56e3b9a2d82a42f1df4d06c8421a9e3cb"
            ],
            "version": "==1.5.2"
        },
        "plaster": {
            "hashes": [
                "sha256:215c921a438b5349931fd7df9a5a11a3572947f20f4bc6dd622ac08f1c3ba249",
                "sha256:8351c7c7efdf33084c1de88dd0f422cbe7342534537b553c49b857b12d98c8c3"
            ],
            "version": "==1.0"
        },
        "plaster-pastedeploy": {
            "hashes": [
                "sha256:1c25ac22b6eaee828d2986d16d270c11ac335ebead80def32c3e218588daba9a",
                "sha256:2a401228c7cfbe38f728249e75af7a666f91c61d642cbb8fcb78a71df69d2754"
            ],
            "version": "==0.4.2"
        },
        "pygments": {
            "hashes": [
                "sha256:78f3f434bcc5d6ee09020f92ba487f95ba50f1e3ef83ae96b9d5ffa1bab25c5d",
                "sha256:dbae1046def0efb574852fab9e90209b23f556367b5a320c0bcb871c77c3e8cc"
            ],
            "version": "==2.2.0"
        },
        "pyramid": {
            "hashes": [
                "sha256:7da99f42fbc31cb36ae5297091734cab4e27d222da806dd370f3466ea8c6c422",
                "sha256:840f4bbd5994609340de35079da0d1dd94f79942e27818d5d8566f8009fb0b36"
            ],
            "version": "==1.9.1"
        },
        "pyramid-chameleon": {
            "hashes": [
                "sha256:d176792a50eb015d7865b44bd9b24a7bd0489fa9a5cebbd17b9e05048cef9017"
            ],
            "version": "==0.3"
        },
        "pyramid-debugtoolbar": {
            "hashes": [
                "sha256:391360cbaf07d27730cdc08b80b919330b0a00c550bc63db9afead3943448aa1",
                "sha256:7f77c1a7e9705b07dcb66ad4aeb92e8a0c5ac073ff766bf9c2f36259fa677f57"
            ],
            "version": "==4.3"
        },
        "pyramid-mako": {
            "hashes": [
                "sha256:6da0987b9874cf53e72139624665a73965bbd7fbde504d1753e4231ce916f3a1"
            ],
            "version": "==1.0.2"
        },
        "pyramid-tm": {
            "hashes": [
                "sha256:11b0f31482339d655358081bc1366d39679d02588782b5c8019bfb41ae02ba3d",
                "sha256:07d03bab7bdd265c3920db4e68dbaa8cbaff27da828700f404b1424244ad617f"
            ],
            "version": "==2.2"
        },
        "python-dateutil": {
            "hashes": [
                "sha256:95511bae634d69bc7329ba55e646499a842bc4ec342ad54a8cdb65645a0aad3c",
                "sha256:891c38b2a02f5bb1be3e4793866c8df49c7d19baabf9c1bad62547e0b4866aca"
            ],
            "version": "==2.6.1"
        },
        "pytz": {
            "hashes": [
                "sha256:80af0f3008046b9975242012a985f04c5df1f01eed4ec1633d56cc47a75a6a48",
                "sha256:feb2365914948b8620347784b6b6da356f31c9d03560259070b2f30cff3d469d",
                "sha256:59707844a9825589878236ff2f4e0dc9958511b7ffaae94dc615da07d4a68d33",
                "sha256:d0ef5ef55ed3d37854320d4926b04a4cb42a2e88f71da9ddfdacfde8e364f027",
                "sha256:c41c62827ce9cafacd6f2f7018e4f83a6f1986e87bfd000b8cfbd4ab5da95f1a",
                "sha256:8cc90340159b5d7ced6f2ba77694d946fc975b09f1a51d93f3ce3bb399396f94",
                "sha256:dd2e4ca6ce3785c8dd342d1853dd9052b19290d5bf66060846e5dc6b8d6667f7",
                "sha256:699d18a2a56f19ee5698ab1123bbcc1d269d061996aeb1eda6d89248d3542b82",
                "sha256:fae4cffc040921b8a2d60c6cf0b5d662c1190fe54d718271db4eb17d44a185b7"
            ],
            "version": "==2017.3"
        },
        "repoze.lru": {
            "hashes": [
                "sha256:f77bf0e1096ea445beadd35f3479c5cff2aa1efe604a133e67150bc8630a62ea",
                "sha256:0429a75e19380e4ed50c0694e26ac8819b4ea7851ee1fc7583c8572db80aff77"
            ],
            "version": "==0.7"
        },
        "request-id": {
            "hashes": [
                "sha256:e99abfc8beb0b72747ce862f0fa12d77c52d51262230641b093b824381cdbfb4",
                "sha256:4c8adff44ad6779305d5493f780400aff5ff5139e98d622379c0e0797b58d812"
            ],
            "version": "==0.3.1"
        },
        "requests": {
            "hashes": [
                "sha256:6a1b267aa90cac58ac3a765d067950e7dbbf75b1da07e895d1f594193a40a38b",
                "sha256:9c443e7324ba5b85070c4a818ade28bfabedf16ea10206da1132edaa6dda237e"
            ],
            "version": "==2.18.4"
        },
        "s3transfer": {
            "hashes": [
                "sha256:23c156ca4d64b022476c92c44bf938bef71af9ce0dcd8fd6585e7bce52f66e47",
                "sha256:10891b246296e0049071d56c32953af05cea614dca425a601e4c0be35990121e"
            ],
            "version": "==0.1.12"
        },
        "six": {
            "hashes": [
                "sha256:832dc0e10feb1aa2c68dcc57dbb658f1c7e65b9b61af69048abc87a2db00a0eb",
                "sha256:70e8a77beed4562e7f14fe23a786b54f6296e34344c23bc42f07b15018ff98e9"
            ],
            "version": "==1.11.0"
        },
        "transaction": {
            "hashes": [
                "sha256:994ba6b5d0bb9aeb573624ff55e6ca286128decec3ecaa4cb02e864e60ccfe63",
                "sha256:b9bc365e7dba3877e0f6fdee32aa029b8c0c1eb4fe227f524bffd5fc46064bd5"
            ],
            "version": "==2.1.2"
        },
        "translationstring": {
            "hashes": [
                "sha256:e26c7bf383413234ed442e0980a2ebe192b95e3745288a8fd2805156d27515b4",
                "sha256:4ee44cfa58c52ade8910ea0ebc3d2d84bdcad9fa0422405b1801ec9b9a65b72d"
            ],
            "version": "==1.3"
        },
        "urllib3": {
            "hashes": [
                "sha256:06330f386d6e4b195fbfc736b297f58c5a892e4440e54d294d7004e3a9bbea1b",
                "sha256:cc44da8e1145637334317feebd728bd869a35285b93cbb4cca2577da7e62db4f"
            ],
            "version": "==1.22"
        },
        "venusian": {
            "hashes": [
                "sha256:757162c5f907e18571b6ab41b7673e5bf18cc8715abf8164292eaef4f1610668",
                "sha256:9902e492c71a89a241a18b2f9950bea7e41d025cc8f3af1ea8d8201346f8577d"
            ],
            "version": "==1.1.0"
        },
        "waitress": {
            "hashes": [
                "sha256:40b0f297a7f3af61fbfbdc67e59090c70dc150a1601c39ecc9f5f1d283fb931b",
                "sha256:d33cd3d62426c0f1b3cd84ee3d65779c7003aae3fc060dee60524d10a57f05a9"
            ],
            "version": "==1.1.0"
        },
        "webob": {
            "hashes": [
                "sha256:6cbd4aa5a0d37090f3d2bece656186d4691297ffbf39d08a6bbf55f189810f67",
                "sha256:fa192842af2a04be36e3c4b4fc85e48fbaada5c462443b20dc3327d33d76ffe8"
            ],
            "version": "==1.8.0rc1"
        },
        "zope.deprecation": {
            "hashes": [
                "sha256:c83cfef3085d10dcb07de5a59a2d95713865befa46e0e88784c5648610fba789",
                "sha256:7d52e134bbaaa0d72e1e2bc90f0587f1adc116c4bdf15912afaf2f1e8856b224"
            ],
            "version": "==4.3.0"
        },
        "zope.interface": {
            "hashes": [
                "sha256:9902d5fc11309e17cdce6574243dc114b9c30de5c60ab53c90f6e3e962688565",
                "sha256:4cb1c56b0356da9a33249ef77a688c47107f54191c12a0055d284b6bee7f447e",
                "sha256:ff20038fbc0e7ea050a7e28fcb8ae6ed8378a8d08ac70b848ea39960dda86bbf",
                "sha256:f6868378fffbb8651f1f8a767d17e42aed39926c8f6bb9c56f184022fe6c2090",
                "sha256:a6375035a4b45d199a8b990e3a2f6b71906c318c56dfc14b2d58350b6ca59392",
                "sha256:dec19181cf6af58ccb8ba3fa3ca9d4ec555b2f3cb31f589f6e86d15df0926c31",
                "sha256:b8f3491c9df4f0ffed32b275033e74041f420e5dcdefa4b1500d753c64ef42cf",
                "sha256:5d8813e438ab67a793b09e1223742b757dd95a4a64d466855a53cb113cc9c9c4",
                "sha256:5a8cc535f4212b134e66a3e1c6b93b19d453dbad0e2f89d0df2c01deefc8cad9",
                "sha256:bd626cd76b7e5cbecac9d3e0dd8f98e3eada15ead95713238a523f877327633d",
                "sha256:16fe824b3d93ee0629aa1f04848a1b515d6b5dc9e98cc7a04feaa35fdb0de5f1",
                "sha256:f47d4138405eb67e5f059b9ab74e0a1147adc3277f5fe37d5bae5209b67e89e7",
                "sha256:8dfdc1588db31895f81bcba6c36dc981b4cf4a526c62eae3745bbfbe102477ef",
                "sha256:88e3d54e88a601f45d03e2a062d5d16852d20e0863a92c19260ae72e2586378a",
                "sha256:3d033abd27cd54157cf42a3bfd4d8c28d7fc5c6f775df3332307d2632a79925b",
                "sha256:a21d69de2ee89fc59de93e7a43c0379ecedb5149739ff94e910c2bf0ca18e181",
                "sha256:aef398a5b92e70b8152d2c4850bad0fe185adb50d948f32d0bba5694d82b67c7",
                "sha256:11b068fc9916556f3820f38c2376c28d8e55e4a2c51c34915aaac38b75706d2e",
                "sha256:78321a6c0c8cc6ac928e44ef04d50384bc864a7f5e3c25b84110da2ede83739f",
                "sha256:4be05f79e952793f31a0c2d6a0672c81a3300315da587ce6a590357595217005",
                "sha256:1d954d557b63124a65f2247ac6ed66fa36df18d1e8538d08c9b432e808a634de",
                "sha256:a16a3e07511fb6806bb48c8c661d38cdb91cd4bc6c2b6b0b173e72362ec1ceb4",
                "sha256:d6d26d5dfbfd60c65152938fcb82f949e8dada37c041f72916fef6621ba5c5ce"
            ],
            "version": "==4.4.3"
        }
    },
    "develop": {
        "attrs": {
            "hashes": [
                "sha256:a17a9573a6f475c99b551c0e0a812707ddda1ec9653bed04c13841404ed6f450",
                "sha256:1c7960ccfd6a005cd9f7ba884e6316b5e430a3f1a6c37c5f87d8b43f83b54ec9"
            ],
            "version": "==17.4.0"
        },
        "autopep8": {
            "hashes": [
                "sha256:c7be71ab0cb2f50c9c22c82f0c9acaafc6f57492c3fbfee9790c415005c2b9a5"
            ],
            "version": "==1.3.4"
        },
        "coverage": {
            "hashes": [
                "sha256:464d85d6959497cc4adfa9f0d36fca809e2ca7ec5f4625f548317892cac6ed7c",
                "sha256:e958ab5b6a7f3b88289a25c95d031f2b62bc73219141c09d261fd97f244c124c",
                "sha256:67288f8834a0a64c1af66286b22fd325b5524ceaa153a51c3e2e30f7e8b3f826",
                "sha256:cfb6b7035c6605e2a87abe7d84ea35a107e6c432014a3f1ca243ab57a558fbcd",
                "sha256:c86a12b3dc004bcbe97a3849354bd1f93eb6fb69b0e4eb58831fd7adba7740ec",
                "sha256:8ddcf308f894d01a1a0ae01283d19b613751815b7190113266a0b7f9d076e86d",
                "sha256:adab01e4c63a01bdf036f57f0114497994aa2195d8659d12a3d69673c3f27939",
                "sha256:54d73fe68a7ac9c847af69a234a7461bbaf3cad95f258317d4584d14dd53f679",
                "sha256:a0d98c71d026c1757c7393a99d24c6e42091ff41e20e68238b17e145252c2d0a",
                "sha256:464e0eda175c7fe2dc730d9d02acde5b8a8518d9417413dee6ca187d1f65ef89",
                "sha256:2890cb40464686c0c1dccc1223664bbc34d85af053bc5dbcd71ea13959e264f2",
                "sha256:0f2315c793b1360f80a9119fff76efb7b4e5ab5062651dff515e681719f29689",
                "sha256:85c028e959312285225040cdac5ad3db6189e958a234f09ae6b4ba5f539c842d",
                "sha256:da6585339fc8a25086003a2b2c0167438b8ab0cd0ccae468d22ed603e414bba1",
                "sha256:e837865a7b20c01a8a2f904c05fba36e8406b146649ff9174cbddf32e217b777",
                "sha256:b718efb33097c7651a60a03b4b38b14776f92194bc0e9e598ce05ddaef7c70e7",
                "sha256:7413f078fbba267de44814584593a729f88fc37f2d938263844b7f4daf1e36ec",
                "sha256:47ad00a0c025f87a7528cc13d013c54e4691ae8730430e49ec9c7ace7e0e1fba",
                "sha256:95f9f5072afeb2204401401cbd0ab978a9f86ef1ebc5cd267ba431cfa581cc4d",
                "sha256:ca8827a5dad1176a8da6bf5396fd07e66549d1bc842047b76cdf69e196597a80",
                "sha256:c68164c4f49cfc2e66ca1ded62e4a1092a6bd4b2c65222059b867700ad19151c",
                "sha256:61e0bcf15aa0385e15d1fe4a86022a6b813d08c785855e3fab56ba6d7ac3dd21",
                "sha256:981a64063242a2c6c88dda33ccafe3583026847961fe56636b6a00c47674e258",
                "sha256:21e47d2ff9c75e25880dd12b316db11379e9afc98b39e9516149d189c15c564b",
                "sha256:f6b822c68f68f48d480d23fcfcd1d4df7d42ff03cf5d7b574d09e662c0b95b43",
                "sha256:53fa7aa7643a22eeadcf8b781b97a51f37d43ba1d897a05238aa7e4d11bc0667",
                "sha256:95ce1a70323d47c0f6b8d6cfd3c14c38cb30d51fd1ab4f6414734fa33a78b17e",
                "sha256:b7a06a523dfeaf417da630d46ad4f4e11ca1bae6202c9312c4cb987dde5792fc",
                "sha256:585e8db44b8f3af2a4152b00dd8a7a36bc1d2aba7de5e50fc17a54178428f0d6",
                "sha256:102933e14b726bd4fdfafb541e122ad36c150732aee36db409d8c8766e11537e",
                "sha256:15f92238487d93f7f34a3ba03be3bd4615c69cffc88388b4dd1ea99af74fc1bf",
                "sha256:319190dd7fa08c23332215782b563a9ef12b76fb15e4a325915592b825eca9ed",
                "sha256:af14e9628c0a3152b6a1fbba4471e6a3e5f5567ecae614f84b84ff3441c58692",
                "sha256:72bc3f91a25a87fd87eb57983c8cefbb8aa5bacd50d73516ade398271d652d77",
                "sha256:c3905f10786dcf386f3f6cebe0ae4a36f47e5e256471161fb944ca537e97e928",
                "sha256:3344079d73a4849341aaaecd9b391141824b8c9a96732fbd6ef95ba9566895d3"
            ],
            "version": "==4.5"
        },
        "flake8": {
            "hashes": [
                "sha256:c7841163e2b576d435799169b78703ad6ac1bbb0f199994fc05f700b2a90ea37",
                "sha256:7253265f7abd8b313e3892944044a365e3f4ac3fcdcfb4298f55ee9ddf188ba0"
            ],
            "version": "==3.5.0"
        },
        "importmagic": {
            "hashes": [
                "sha256:3f7757a5b74c9a291e20e12023bb3bf71bc2fa3adfb15a08570648ab83eaf8d8"
            ],
            "version": "==0.1.7"
        },
        "mccabe": {
            "hashes": [
                "sha256:ab8a6258860da4b6677da4bd2fe5dc2c659cff31b3ee4f7f5d64e79735b80d42",
                "sha256:dd8d182285a0fe56bace7f45b5e7d1a6ebcbf524e8f3bd87eb0f125271b8831f"
            ],
            "version": "==0.6.1"
        },
        "mock": {
            "hashes": [
                "sha256:5ce3c71c5545b472da17b72268978914d0252980348636840bd34a00b5cc96c1",
                "sha256:b158b6df76edd239b8208d481dc46b6afd45a846b7812ff0ce58971cf5bc8bba"
            ],
            "version": "==2.0.0"
        },
        "pbr": {
            "hashes": [
                "sha256:60c25b7dfd054ef9bb0ae327af949dd4676aa09ac3a9471cdc871d8a9213f9ac",
                "sha256:05f61c71aaefc02d8e37c0a3eeb9815ff526ea28b3b76324769e6158d7f95be1"
            ],
            "version": "==3.1.1"
        },
        "pluggy": {
            "hashes": [
                "sha256:7f8ae7f5bdf75671a718d2daf0a64b7885f74510bcd98b1a0bb420eb9a9d0cff"
            ],
            "version": "==0.6.0"
        },
        "py": {
            "hashes": [
                "sha256:8cca5c229d225f8c1e3085be4fcf306090b00850fefad892f9d96c7b6e2f310f",
                "sha256:ca18943e28235417756316bfada6cd96b23ce60dd532642690dcfdaba988a76d"
            ],
            "version": "==1.5.2"
        },
        "pycodestyle": {
            "hashes": [
                "sha256:6c4245ade1edfad79c3446fadfc96b0de2759662dc29d07d80a6f27ad1ca6ba9",
                "sha256:682256a5b318149ca0d2a9185d365d8864a768a28db66a84a2ea946bcc426766"
            ],
            "version": "==2.3.1"
        },
        "pyflakes": {
            "hashes": [
                "sha256:08bd6a50edf8cffa9fa09a463063c425ecaaf10d1eb0335a7e8b1401aef89e6f",
                "sha256:8d616a382f243dbf19b54743f280b80198be0bca3a5396f1d2e1fca6223e8805"
            ],
            "version": "==1.6.0"
        },
        "pytest": {
            "hashes": [
                "sha256:95fa025cd6deb5d937e04e368a00552332b58cae23f63b76c8c540ff1733ab6d",
                "sha256:6074ea3b9c999bd6d0df5fa9d12dd95ccd23550df2a582f5f5b848331d2e82ca"
            ],
            "version": "==3.4.0"
        },
        "pytest-cov": {
            "hashes": [
                "sha256:890fe5565400902b0c78b5357004aab1c814115894f4f21370e2433256a3eeec",
                "sha256:03aa752cf11db41d281ea1d807d954c4eda35cfa1b21d6971966cc041bbf6e2d"
            ],
            "version": "==2.5.1"
        },
        "pytest-mock": {
            "hashes": [
                "sha256:7ed6e7e8c636fd320927c5d73aedb77ac2eeb37196c3410e6176b7c92fdf2f69",
                "sha256:920d1167af5c2c2ad3fa0717d0c6c52e97e97810160c15721ac895cac53abb1c"
            ],
            "version": "==1.6.3"
        },
        "rope-py3k": {
            "hashes": [
                "sha256:feb95047cdb9d94e59414aefce7668920e35cba6d1e3c4d4390c2888c98207fa"
            ],
            "version": "==0.9.4.post1"
        },
        "six": {
            "hashes": [
                "sha256:832dc0e10feb1aa2c68dcc57dbb658f1c7e65b9b61af69048abc87a2db00a0eb",
                "sha256:70e8a77beed4562e7f14fe23a786b54f6296e34344c23bc42f07b15018ff98e9"
            ],
            "version": "==1.11.0"
        },
        "yapf": {
            "hashes": [
                "sha256:a0bbc8ed274609f9c7575a5d69056fa393e26a778b3e070a72f4998b8e90c3cd",
                "sha256:bd19f246be7193ad2acdc04702b92315f1ae28d49c82f6671afdeefe9d32f468"
            ],
            "version": "==0.20.1"
        }
    }
}
